
Microsoft Visual Studio Solution File, Format Version 12.00
# Visual Studio Version 17
VisualStudioVersion = 17.10.35004.147
MinimumVisualStudioVersion = 10.0.40219.1
Project("{FAE04EC0-301F-11D3-BF4B-00C04F79EFBC}") = "TuRopaPR", "TuRopaPR\TuRopaPR.csproj", "{E2917E92-B255-44D2-B5B5-BCA76885E420}"
EndProject
Project("{FAE04EC0-301F-11D3-BF4B-00C04F79EFBC}") = "TuRopaD", "TuRopaD\TuRopaD.csproj", "{FE9CD5C7-1168-4D46-AFD2-4AB144EBC55D}"
EndProject
Project("{FAE04EC0-301F-11D3-BF4B-00C04F79EFBC}") = "TuRopaN", "TuRopaN\TuRopaN.csproj", "{B3739937-3DBE-4FFF-8443-324FEF3D85FA}"
EndProject
Global
	GlobalSection(SolutionConfigurationPlatforms) = preSolution
		Debug|Any CPU = Debug|Any CPU
		Release|Any CPU = Release|Any CPU
	EndGlobalSection
	GlobalSection(ProjectConfigurationPlatforms) = postSolution
		{E2917E92-B255-44D2-B5B5-BCA76885E420}.Debug|Any CPU.ActiveCfg = Debug|Any CPU
		{E2917E92-B255-44D2-B5B5-BCA76885E420}.Debug|Any CPU.Build.0 = Debug|Any CPU
		{E2917E92-B255-44D2-B5B5-BCA76885E420}.Release|Any CPU.ActiveCfg = Release|Any CPU
		{E2917E92-B255-44D2-B5B5-BCA76885E420}.Release|Any CPU.Build.0 = Release|Any CPU
		{FE9CD5C7-1168-4D46-AFD2-4AB144EBC55D}.Debug|Any CPU.ActiveCfg = Debug|Any CPU
		{FE9CD5C7-1168-4D46-AFD2-4AB144EBC55D}.Debug|Any CPU.Build.0 = Debug|Any CPU
		{FE9CD5C7-1168-4D46-AFD2-4AB144EBC55D}.Release|Any CPU.ActiveCfg = Release|Any CPU
		{FE9CD5C7-1168-4D46-AFD2-4AB144EBC55D}.Release|Any CPU.Build.0 = Release|Any CPU
		{B3739937-3DBE-4FFF-8443-324FEF3D85FA}.Debug|Any CPU.ActiveCfg = Debug|Any CPU
		{B3739937-3DBE-4FFF-8443-324FEF3D85FA}.Debug|Any CPU.Build.0 = Debug|Any CPU
		{B3739937-3DBE-4FFF-8443-324FEF3D85FA}.Release|Any CPU.ActiveCfg = Release|Any CPU
		{B3739937-3DBE-4FFF-8443-324FEF3D85FA}.Release|Any CPU.Build.0 = Release|Any CPU
	EndGlobalSection
	GlobalSection(SolutionProperties) = preSolution
		HideSolutionNode = FALSE
	EndGlobalSection
	GlobalSection(ExtensibilityGlobals) = postSolution
		SolutionGuid = {4161A443-B278-4A81-A798-D1E1DD4B21AF}
	EndGlobalSection
EndGlobal
